
Microsoft Visual Studio Solution File, Format Version 12.00
# Visual Studio Version 17
VisualStudioVersion = 17.1.32319.34
MinimumVisualStudioVersion = 10.0.40219.1
Project("{9A19103F-16F7-4668-BE54-9A1E7A4F7556}") = "Servidor", "Servidor\Servidor.csproj", "{BCF3A994-7585-4E54-B39C-05F1BA94B4B8}"
EndProject
Project("{9A19103F-16F7-4668-BE54-9A1E7A4F7556}") = "Cliente", "Cliente\Cliente.csproj", "{4918C071-15FA-4BCB-A115-266DB69289ED}"
	ProjectSection(ProjectDependencies) = postProject
		{BCF3A994-7585-4E54-B39C-05F1BA94B4B8} = {BCF3A994-7585-4E54-B39C-05F1BA94B4B8}
	EndProjectSection
EndProject
Global
	GlobalSection(SolutionConfigurationPlatforms) = preSolution
		Debug|Any CPU = Debug|Any CPU
		Release|Any CPU = Release|Any CPU
	EndGlobalSection
	GlobalSection(ProjectConfigurationPlatforms) = postSolution
		{BCF3A994-7585-4E54-B39C-05F1BA94B4B8}.Debug|Any CPU.ActiveCfg = Debug|Any CPU
		{BCF3A994-7585-4E54-B39C-05F1BA94B4B8}.Debug|Any CPU.Build.0 = Debug|Any CPU
		{BCF3A994-7585-4E54-B39C-05F1BA94B4B8}.Release|Any CPU.ActiveCfg = Release|Any CPU
		{BCF3A994-7585-4E54-B39C-05F1BA94B4B8}.Release|Any CPU.Build.0 = Release|Any CPU
		{4918C071-15FA-4BCB-A115-266DB69289ED}.Debug|Any CPU.ActiveCfg = Debug|Any CPU
		{4918C071-15FA-4BCB-A115-266DB69289ED}.Debug|Any CPU.Build.0 = Debug|Any CPU
		{4918C071-15FA-4BCB-A115-266DB69289ED}.Release|Any CPU.ActiveCfg = Release|Any CPU
		{4918C071-15FA-4BCB-A115-266DB69289ED}.Release|Any CPU.Build.0 = Release|Any CPU
	EndGlobalSection
	GlobalSection(SolutionProperties) = preSolution
		HideSolutionNode = FALSE
	EndGlobalSection
	GlobalSection(ExtensibilityGlobals) = postSolution
		SolutionGuid = {447EE13A-9DDC-45B8-8518-2CA34AEB6590}
	EndGlobalSection
EndGlobal
